// !$*UTF8*$!
{
	archiveVersion = 1;
	classes = {
	};
	objectVersion = 52;
	objects = {

/* Begin PBXBuildFile section */
		0CE3218C22090699028461D2 /* LandmarkProvider.swift in Sources */ = {isa = PBXBuildFile; fileRef = 848C3614E35124D94E60ABD1 /* LandmarkProvider.swift */; };
		345D084B61DB2EB3645CF9E8 /* LoadDataFromJSON.swift in Sources */ = {isa = PBXBuildFile; fileRef = 7FB558382A647F95BA4C5DE0 /* LoadDataFromJSON.swift */; };
		4A08D7D5268E355F00EF1CED /* LandmarkDescriprionView.swift in Sources */ = {isa = PBXBuildFile; fileRef = 4A08D7D4268E355F00EF1CED /* LandmarkDescriprionView.swift */; };
		4A08D7DC268E9C9000EF1CED /* SnapKit.xcframework in Frameworks */ = {isa = PBXBuildFile; fileRef = 4A08D7DB268E9C9000EF1CED /* SnapKit.xcframework */; };
		4A08D7DD268E9C9000EF1CED /* SnapKit.xcframework in Embed Frameworks */ = {isa = PBXBuildFile; fileRef = 4A08D7DB268E9C9000EF1CED /* SnapKit.xcframework */; settings = {ATTRIBUTES = (CodeSignOnCopy, RemoveHeadersOnCopy, ); }; };
		4ACDFD8E268493CE005D257E /* AppDelegate.swift in Sources */ = {isa = PBXBuildFile; fileRef = 4ACDFD8D268493CE005D257E /* AppDelegate.swift */; };
		4ACDFD9A268493D1005D257E /* Assets.xcassets in Resources */ = {isa = PBXBuildFile; fileRef = 4ACDFD99268493D1005D257E /* Assets.xcassets */; };
		4ACDFD9D268493D1005D257E /* LaunchScreen.storyboard in Resources */ = {isa = PBXBuildFile; fileRef = 4ACDFD9B268493D1005D257E /* LaunchScreen.storyboard */; };
		4AFEAD95268B2BB5001024B6 /* landmarkData.json in Resources */ = {isa = PBXBuildFile; fileRef = 4AFEAD94268B2BA6001024B6 /* landmarkData.json */; };
		4AFEAD97268C984C001024B6 /* LandmarkTableViewCell.swift in Sources */ = {isa = PBXBuildFile; fileRef = 4AFEAD96268C984C001024B6 /* LandmarkTableViewCell.swift */; };
		4AFEAD99268CA4F7001024B6 /* LandmarkTableViewDelegate.swift in Sources */ = {isa = PBXBuildFile; fileRef = 4AFEAD98268CA4F7001024B6 /* LandmarkTableViewDelegate.swift */; };
		4AFEAD9B268CA762001024B6 /* LandmarkDescriptionViewController.swift in Sources */ = {isa = PBXBuildFile; fileRef = 4AFEAD9A268CA762001024B6 /* LandmarkDescriptionViewController.swift */; };
		5A2251366F154708FBCFACEF /* LandmarkPresenter.swift in Sources */ = {isa = PBXBuildFile; fileRef = 6577A22CF014BBA4BA75B535 /* LandmarkPresenter.swift */; };
		84349E1F1CE2922FBDEA105A /* LandmarkView.swift in Sources */ = {isa = PBXBuildFile; fileRef = 1383606984BD3C6A84C98044 /* LandmarkView.swift */; };
		89949F44BEFAF577EC3B1D43 /* LandmarkDataFlow.swift in Sources */ = {isa = PBXBuildFile; fileRef = F50A4716B51791EF17B0403A /* LandmarkDataFlow.swift */; };
		965720C25D48BD356AE6D0CB /* LandmarkDataStore.swift in Sources */ = {isa = PBXBuildFile; fileRef = F21A6C0A3CC62C2169517A11 /* LandmarkDataStore.swift */; };
		B11023DDD9FD22A243D13EE0 /* LandmarkInteractor.swift in Sources */ = {isa = PBXBuildFile; fileRef = DC4FA4619FCB81F9C3CDCFC9 /* LandmarkInteractor.swift */; };
		B2B9957EEED6C91E4FD1442F /* LandmarkViewController.swift in Sources */ = {isa = PBXBuildFile; fileRef = 44FEB6BC33A83FC6A2CBFA1F /* LandmarkViewController.swift */; };
		B80920C0FF82FD7535EC3F43 /* LandmarkModel.swift in Sources */ = {isa = PBXBuildFile; fileRef = 6229ED3FBD765C6F6DF70831 /* LandmarkModel.swift */; };
		CF059676937CF36B59A0C913 /* LandmarkBuilder.swift in Sources */ = {isa = PBXBuildFile; fileRef = BC8855BAF91B1E0AE8EA9885 /* LandmarkBuilder.swift */; };
/* End PBXBuildFile section */

/* Begin PBXCopyFilesBuildPhase section */
		4A08D7DE268E9C9000EF1CED /* Embed Frameworks */ = {
			isa = PBXCopyFilesBuildPhase;
			buildActionMask = 2147483647;
			dstPath = "";
			dstSubfolderSpec = 10;
			files = (
				4A08D7DD268E9C9000EF1CED /* SnapKit.xcframework in Embed Frameworks */,
			);
			name = "Embed Frameworks";
			runOnlyForDeploymentPostprocessing = 0;
		};
/* End PBXCopyFilesBuildPhase section */

/* Begin PBXFileReference section */
		1383606984BD3C6A84C98044 /* LandmarkView.swift */ = {isa = PBXFileReference; includeInIndex = 1; lastKnownFileType = sourcecode.swift; path = LandmarkView.swift; sourceTree = "<group>"; };
		44FEB6BC33A83FC6A2CBFA1F /* LandmarkViewController.swift */ = {isa = PBXFileReference; includeInIndex = 1; lastKnownFileType = sourcecode.swift; path = LandmarkViewController.swift; sourceTree = "<group>"; };
		4A08D7D4268E355F00EF1CED /* LandmarkDescriprionView.swift */ = {isa = PBXFileReference; lastKnownFileType = sourcecode.swift; path = LandmarkDescriprionView.swift; sourceTree = "<group>"; };
		4A08D7DB268E9C9000EF1CED /* SnapKit.xcframework */ = {isa = PBXFileReference; lastKnownFileType = wrapper.xcframework; name = SnapKit.xcframework; path = Carthage/Build/SnapKit.xcframework; sourceTree = "<group>"; };
		4ACDFD8A268493CD005D257E /* LandmarkJSON.app */ = {isa = PBXFileReference; explicitFileType = wrapper.application; includeInIndex = 0; path = LandmarkJSON.app; sourceTree = BUILT_PRODUCTS_DIR; };
		4ACDFD8D268493CE005D257E /* AppDelegate.swift */ = {isa = PBXFileReference; lastKnownFileType = sourcecode.swift; path = AppDelegate.swift; sourceTree = "<group>"; };
		4ACDFD99268493D1005D257E /* Assets.xcassets */ = {isa = PBXFileReference; lastKnownFileType = folder.assetcatalog; path = Assets.xcassets; sourceTree = "<group>"; };
		4ACDFD9C268493D1005D257E /* Base */ = {isa = PBXFileReference; lastKnownFileType = file.storyboard; name = Base; path = Base.lproj/LaunchScreen.storyboard; sourceTree = "<group>"; };
		4ACDFD9E268493D1005D257E /* Info.plist */ = {isa = PBXFileReference; lastKnownFileType = text.plist.xml; path = Info.plist; sourceTree = "<group>"; };
		4AFEAD94268B2BA6001024B6 /* landmarkData.json */ = {isa = PBXFileReference; lastKnownFileType = text.json; name = landmarkData.json; path = /Users/arturlutfullin/Desktop/LandmarkJSON/LandmarkJSON/landmarkData.json; sourceTree = "<absolute>"; };
		4AFEAD96268C984C001024B6 /* LandmarkTableViewCell.swift */ = {isa = PBXFileReference; lastKnownFileType = sourcecode.swift; name = LandmarkTableViewCell.swift; path = /Users/arturlutfullin/Desktop/LandmarkJSON/LandmarkJSON/Landmark/View/LandmarkTableViewCell.swift; sourceTree = "<absolute>"; };
		4AFEAD98268CA4F7001024B6 /* LandmarkTableViewDelegate.swift */ = {isa = PBXFileReference; lastKnownFileType = sourcecode.swift; name = LandmarkTableViewDelegate.swift; path = /Users/arturlutfullin/Desktop/LandmarkJSON/LandmarkJSON/Landmark/LandmarkTableViewDelegate.swift; sourceTree = "<absolute>"; };
		4AFEAD9A268CA762001024B6 /* LandmarkDescriptionViewController.swift */ = {isa = PBXFileReference; lastKnownFileType = sourcecode.swift; name = LandmarkDescriptionViewController.swift; path = /Users/arturlutfullin/Desktop/LandmarkJSON/LandmarkJSON/Landmark/LandmarkDescriptionViewController.swift; sourceTree = "<absolute>"; };
		6229ED3FBD765C6F6DF70831 /* LandmarkModel.swift */ = {isa = PBXFileReference; includeInIndex = 1; lastKnownFileType = sourcecode.swift; path = LandmarkModel.swift; sourceTree = "<group>"; };
		6577A22CF014BBA4BA75B535 /* LandmarkPresenter.swift */ = {isa = PBXFileReference; includeInIndex = 1; lastKnownFileType = sourcecode.swift; path = LandmarkPresenter.swift; sourceTree = "<group>"; };
		7FB558382A647F95BA4C5DE0 /* LoadDataFromJSON.swift */ = {isa = PBXFileReference; includeInIndex = 1; lastKnownFileType = sourcecode.swift; path = LoadDataFromJSON.swift; sourceTree = "<group>"; };
		848C3614E35124D94E60ABD1 /* LandmarkProvider.swift */ = {isa = PBXFileReference; includeInIndex = 1; lastKnownFileType = sourcecode.swift; path = LandmarkProvider.swift; sourceTree = "<group>"; };
		BC8855BAF91B1E0AE8EA9885 /* LandmarkBuilder.swift */ = {isa = PBXFileReference; includeInIndex = 1; lastKnownFileType = sourcecode.swift; path = LandmarkBuilder.swift; sourceTree = "<group>"; };
		DC4FA4619FCB81F9C3CDCFC9 /* LandmarkInteractor.swift */ = {isa = PBXFileReference; includeInIndex = 1; lastKnownFileType = sourcecode.swift; path = LandmarkInteractor.swift; sourceTree = "<group>"; };
		F21A6C0A3CC62C2169517A11 /* LandmarkDataStore.swift */ = {isa = PBXFileReference; includeInIndex = 1; lastKnownFileType = sourcecode.swift; path = LandmarkDataStore.swift; sourceTree = "<group>"; };
		F50A4716B51791EF17B0403A /* LandmarkDataFlow.swift */ = {isa = PBXFileReference; includeInIndex = 1; lastKnownFileType = sourcecode.swift; path = LandmarkDataFlow.swift; sourceTree = "<group>"; };
/* End PBXFileReference section */

/* Begin PBXFrameworksBuildPhase section */
		4ACDFD87268493CD005D257E /* Frameworks */ = {
			isa = PBXFrameworksBuildPhase;
			buildActionMask = 2147483647;
			files = (
				4A08D7DC268E9C9000EF1CED /* SnapKit.xcframework in Frameworks */,
			);
			runOnlyForDeploymentPostprocessing = 0;
		};
/* End PBXFrameworksBuildPhase section */

/* Begin PBXGroup section */
		0741268FB1253804F43AE4CF /* View */ = {
			isa = PBXGroup;
			children = (
				4AFEAD96268C984C001024B6 /* LandmarkTableViewCell.swift */,
				1383606984BD3C6A84C98044 /* LandmarkView.swift */,
			);
			path = View;
			sourceTree = "<group>";
		};
		4A08D7DF268EA0DE00EF1CED /* LandmarkDescription */ = {
			isa = PBXGroup;
			children = (
				4AFEAD9A268CA762001024B6 /* LandmarkDescriptionViewController.swift */,
				4A08D7D4268E355F00EF1CED /* LandmarkDescriprionView.swift */,
			);
			path = LandmarkDescription;
			sourceTree = "<group>";
		};
		4A9EDE68268691A4003187FD /* Frameworks */ = {
			isa = PBXGroup;
			children = (
				4A08D7DB268E9C9000EF1CED /* SnapKit.xcframework */,
			);
			name = Frameworks;
			sourceTree = "<group>";
		};
		4ACDFD81268493CD005D257E = {
			isa = PBXGroup;
			children = (
				4ACDFD8C268493CD005D257E /* LandmarkJSON */,
				4ACDFD8B268493CD005D257E /* Products */,
				4A9EDE68268691A4003187FD /* Frameworks */,
			);
			sourceTree = "<group>";
		};
		4ACDFD8B268493CD005D257E /* Products */ = {
			isa = PBXGroup;
			children = (
				4ACDFD8A268493CD005D257E /* LandmarkJSON.app */,
			);
			name = Products;
			sourceTree = "<group>";
		};
		4ACDFD8C268493CD005D257E /* LandmarkJSON */ = {
			isa = PBXGroup;
			children = (
				4ACDFD8D268493CE005D257E /* AppDelegate.swift */,
				5526E93CC49B694A4D38C83F /* Landmark */,
				4A08D7DF268EA0DE00EF1CED /* LandmarkDescription */,
				4AFEAD94268B2BA6001024B6 /* landmarkData.json */,
				4ACDFD9B268493D1005D257E /* LaunchScreen.storyboard */,
				4ACDFD9E268493D1005D257E /* Info.plist */,
				4ACDFD99268493D1005D257E /* Assets.xcassets */,
			);
			path = LandmarkJSON;
			sourceTree = "<group>";
		};
		5526E93CC49B694A4D38C83F /* Landmark */ = {
			isa = PBXGroup;
			children = (
				BC8855BAF91B1E0AE8EA9885 /* LandmarkBuilder.swift */,
				44FEB6BC33A83FC6A2CBFA1F /* LandmarkViewController.swift */,
				DC4FA4619FCB81F9C3CDCFC9 /* LandmarkInteractor.swift */,
				6577A22CF014BBA4BA75B535 /* LandmarkPresenter.swift */,
				F50A4716B51791EF17B0403A /* LandmarkDataFlow.swift */,
				C12186E429AE188C8A46566C /* Model */,
				CE4ED002E768A9AC78155B0D /* Provider */,
				0741268FB1253804F43AE4CF /* View */,
			);
			path = Landmark;
			sourceTree = "<group>";
		};
		C12186E429AE188C8A46566C /* Model */ = {
			isa = PBXGroup;
			children = (
				6229ED3FBD765C6F6DF70831 /* LandmarkModel.swift */,
			);
			path = Model;
			sourceTree = "<group>";
		};
		CE4ED002E768A9AC78155B0D /* Provider */ = {
			isa = PBXGroup;
			children = (
				4AFEAD98268CA4F7001024B6 /* LandmarkTableViewDelegate.swift */,
				848C3614E35124D94E60ABD1 /* LandmarkProvider.swift */,
				F21A6C0A3CC62C2169517A11 /* LandmarkDataStore.swift */,
				7FB558382A647F95BA4C5DE0 /* LoadDataFromJSON.swift */,
			);
			path = Provider;
			sourceTree = "<group>";
		};
/* End PBXGroup section */

/* Begin PBXNativeTarget section */
		4ACDFD89268493CD005D257E /* LandmarkJSON */ = {
			isa = PBXNativeTarget;
			buildConfigurationList = 4ACDFDA1268493D1005D257E /* Build configuration list for PBXNativeTarget "LandmarkJSON" */;
			buildPhases = (
				4ACDFD86268493CD005D257E /* Sources */,
				4ACDFD87268493CD005D257E /* Frameworks */,
				4ACDFD88268493CD005D257E /* Resources */,
				4A08D7DE268E9C9000EF1CED /* Embed Frameworks */,
			);
			buildRules = (
			);
			dependencies = (
			);
			name = LandmarkJSON;
			productName = LandmarkJSON;
			productReference = 4ACDFD8A268493CD005D257E /* LandmarkJSON.app */;
			productType = "com.apple.product-type.application";
		};
/* End PBXNativeTarget section */

/* Begin PBXProject section */
		4ACDFD82268493CD005D257E /* Project object */ = {
			isa = PBXProject;
			attributes = {
				LastSwiftUpdateCheck = 1250;
				LastUpgradeCheck = 1250;
				TargetAttributes = {
					4ACDFD89268493CD005D257E = {
						CreatedOnToolsVersion = 12.5;
					};
				};
			};
			buildConfigurationList = 4ACDFD85268493CD005D257E /* Build configuration list for PBXProject "LandmarkJSON" */;
			compatibilityVersion = "Xcode 9.3";
			developmentRegion = en;
			hasScannedForEncodings = 0;
			knownRegions = (
				en,
				Base,
			);
			mainGroup = 4ACDFD81268493CD005D257E;
			productRefGroup = 4ACDFD8B268493CD005D257E /* Products */;
			projectDirPath = "";
			projectRoot = "";
			targets = (
				4ACDFD89268493CD005D257E /* LandmarkJSON */,
			);
		};
/* End PBXProject section */

/* Begin PBXResourcesBuildPhase section */
		4ACDFD88268493CD005D257E /* Resources */ = {
			isa = PBXResourcesBuildPhase;
			buildActionMask = 2147483647;
			files = (
				4ACDFD9D268493D1005D257E /* LaunchScreen.storyboard in Resources */,
				4ACDFD9A268493D1005D257E /* Assets.xcassets in Resources */,
				4AFEAD95268B2BB5001024B6 /* landmarkData.json in Resources */,
			);
			runOnlyForDeploymentPostprocessing = 0;
		};
/* End PBXResourcesBuildPhase section */

/* Begin PBXSourcesBuildPhase section */
		4ACDFD86268493CD005D257E /* Sources */ = {
			isa = PBXSourcesBuildPhase;
			buildActionMask = 2147483647;
			files = (
				4ACDFD8E268493CE005D257E /* AppDelegate.swift in Sources */,
				CF059676937CF36B59A0C913 /* LandmarkBuilder.swift in Sources */,
				4A08D7D5268E355F00EF1CED /* LandmarkDescriprionView.swift in Sources */,
				4AFEAD99268CA4F7001024B6 /* LandmarkTableViewDelegate.swift in Sources */,
				4AFEAD9B268CA762001024B6 /* LandmarkDescriptionViewController.swift in Sources */,
				B2B9957EEED6C91E4FD1442F /* LandmarkViewController.swift in Sources */,
				B11023DDD9FD22A243D13EE0 /* LandmarkInteractor.swift in Sources */,
				5A2251366F154708FBCFACEF /* LandmarkPresenter.swift in Sources */,
				89949F44BEFAF577EC3B1D43 /* LandmarkDataFlow.swift in Sources */,
				B80920C0FF82FD7535EC3F43 /* LandmarkModel.swift in Sources */,
				4AFEAD97268C984C001024B6 /* LandmarkTableViewCell.swift in Sources */,
				0CE3218C22090699028461D2 /* LandmarkProvider.swift in Sources */,
				965720C25D48BD356AE6D0CB /* LandmarkDataStore.swift in Sources */,
				345D084B61DB2EB3645CF9E8 /* LoadDataFromJSON.swift in Sources */,
				84349E1F1CE2922FBDEA105A /* LandmarkView.swift in Sources */,
			);
			runOnlyForDeploymentPostprocessing = 0;
		};
/* End PBXSourcesBuildPhase section */

/* Begin PBXVariantGroup section */
		4ACDFD9B268493D1005D257E /* LaunchScreen.storyboard */ = {
			isa = PBXVariantGroup;
			children = (
				4ACDFD9C268493D1005D257E /* Base */,
			);
			name = LaunchScreen.storyboard;
			sourceTree = "<group>";
		};
/* End PBXVariantGroup section */

/* Begin XCBuildConfiguration section */
		4ACDFD9F268493D1005D257E /* Debug */ = {
			isa = XCBuildConfiguration;
			buildSettings = {
				ALWAYS_SEARCH_USER_PATHS = NO;
				CLANG_ANALYZER_NONNULL = YES;
				CLANG_ANALYZER_NUMBER_OBJECT_CONVERSION = YES_AGGRESSIVE;
				CLANG_CXX_LANGUAGE_STANDARD = "gnu++14";
				CLANG_CXX_LIBRARY = "libc++";
				CLANG_ENABLE_MODULES = YES;
				CLANG_ENABLE_OBJC_ARC = YES;
				CLANG_ENABLE_OBJC_WEAK = YES;
				CLANG_WARN_BLOCK_CAPTURE_AUTORELEASING = YES;
				CLANG_WARN_BOOL_CONVERSION = YES;
				CLANG_WARN_COMMA = YES;
				CLANG_WARN_CONSTANT_CONVERSION = YES;
				CLANG_WARN_DEPRECATED_OBJC_IMPLEMENTATIONS = YES;
				CLANG_WARN_DIRECT_OBJC_ISA_USAGE = YES_ERROR;
				CLANG_WARN_DOCUMENTATION_COMMENTS = YES;
				CLANG_WARN_EMPTY_BODY = YES;
				CLANG_WARN_ENUM_CONVERSION = YES;
				CLANG_WARN_INFINITE_RECURSION = YES;
				CLANG_WARN_INT_CONVERSION = YES;
				CLANG_WARN_NON_LITERAL_NULL_CONVERSION = YES;
				CLANG_WARN_OBJC_IMPLICIT_RETAIN_SELF = YES;
				CLANG_WARN_OBJC_LITERAL_CONVERSION = YES;
				CLANG_WARN_OBJC_ROOT_CLASS = YES_ERROR;
				CLANG_WARN_QUOTED_INCLUDE_IN_FRAMEWORK_HEADER = YES;
				CLANG_WARN_RANGE_LOOP_ANALYSIS = YES;
				CLANG_WARN_STRICT_PROTOTYPES = YES;
				CLANG_WARN_SUSPICIOUS_MOVE = YES;
				CLANG_WARN_UNGUARDED_AVAILABILITY = YES_AGGRESSIVE;
				CLANG_WARN_UNREACHABLE_CODE = YES;
				CLANG_WARN__DUPLICATE_METHOD_MATCH = YES;
				COPY_PHASE_STRIP = NO;
				DEBUG_INFORMATION_FORMAT = dwarf;
				ENABLE_STRICT_OBJC_MSGSEND = YES;
				ENABLE_TESTABILITY = YES;
				GCC_C_LANGUAGE_STANDARD = gnu11;
				GCC_DYNAMIC_NO_PIC = NO;
				GCC_NO_COMMON_BLOCKS = YES;
				GCC_OPTIMIZATION_LEVEL = 0;
				GCC_PREPROCESSOR_DEFINITIONS = (
					"DEBUG=1",
					"$(inherited)",
				);
				GCC_WARN_64_TO_32_BIT_CONVERSION = YES;
				GCC_WARN_ABOUT_RETURN_TYPE = YES_ERROR;
				GCC_WARN_UNDECLARED_SELECTOR = YES;
				GCC_WARN_UNINITIALIZED_AUTOS = YES_AGGRESSIVE;
				GCC_WARN_UNUSED_FUNCTION = YES;
				GCC_WARN_UNUSED_VARIABLE = YES;
				IPHONEOS_DEPLOYMENT_TARGET = 13.0;
				MTL_ENABLE_DEBUG_INFO = INCLUDE_SOURCE;
				MTL_FAST_MATH = YES;
				ONLY_ACTIVE_ARCH = YES;
				SDKROOT = iphoneos;
				SWIFT_ACTIVE_COMPILATION_CONDITIONS = DEBUG;
				SWIFT_OPTIMIZATION_LEVEL = "-Onone";
			};
			name = Debug;
		};
		4ACDFDA0268493D1005D257E /* Release */ = {
			isa = XCBuildConfiguration;
			buildSettings = {
				ALWAYS_SEARCH_USER_PATHS = NO;
				CLANG_ANALYZER_NONNULL = YES;
				CLANG_ANALYZER_NUMBER_OBJECT_CONVERSION = YES_AGGRESSIVE;
				CLANG_CXX_LANGUAGE_STANDARD = "gnu++14";
				CLANG_CXX_LIBRARY = "libc++";
				CLANG_ENABLE_MODULES = YES;
				CLANG_ENABLE_OBJC_ARC = YES;
				CLANG_ENABLE_OBJC_WEAK = YES;
				CLANG_WARN_BLOCK_CAPTURE_AUTORELEASING = YES;
				CLANG_WARN_BOOL_CONVERSION = YES;
				CLANG_WARN_COMMA = YES;
				CLANG_WARN_CONSTANT_CONVERSION = YES;
				CLANG_WARN_DEPRECATED_OBJC_IMPLEMENTATIONS = YES;
				CLANG_WARN_DIRECT_OBJC_ISA_USAGE = YES_ERROR;
				CLANG_WARN_DOCUMENTATION_COMMENTS = YES;
				CLANG_WARN_EMPTY_BODY = YES;
				CLANG_WARN_ENUM_CONVERSION = YES;
				CLANG_WARN_INFINITE_RECURSION = YES;
				CLANG_WARN_INT_CONVERSION = YES;
				CLANG_WARN_NON_LITERAL_NULL_CONVERSION = YES;
				CLANG_WARN_OBJC_IMPLICIT_RETAIN_SELF = YES;
				CLANG_WARN_OBJC_LITERAL_CONVERSION = YES;
				CLANG_WARN_OBJC_ROOT_CLASS = YES_ERROR;
				CLANG_WARN_QUOTED_INCLUDE_IN_FRAMEWORK_HEADER = YES;
				CLANG_WARN_RANGE_LOOP_ANALYSIS = YES;
				CLANG_WARN_STRICT_PROTOTYPES = YES;
				CLANG_WARN_SUSPICIOUS_MOVE = YES;
				CLANG_WARN_UNGUARDED_AVAILABILITY = YES_AGGRESSIVE;
				CLANG_WARN_UNREACHABLE_CODE = YES;
				CLANG_WARN__DUPLICATE_METHOD_MATCH = YES;
				COPY_PHASE_STRIP = NO;
				DEBUG_INFORMATION_FORMAT = "dwarf-with-dsym";
				ENABLE_NS_ASSERTIONS = NO;
				ENABLE_STRICT_OBJC_MSGSEND = YES;
				GCC_C_LANGUAGE_STANDARD = gnu11;
				GCC_NO_COMMON_BLOCKS = YES;
				GCC_WARN_64_TO_32_BIT_CONVERSION = YES;
				GCC_WARN_ABOUT_RETURN_TYPE = YES_ERROR;
				GCC_WARN_UNDECLARED_SELECTOR = YES;
				GCC_WARN_UNINITIALIZED_AUTOS = YES_AGGRESSIVE;
				GCC_WARN_UNUSED_FUNCTION = YES;
				GCC_WARN_UNUSED_VARIABLE = YES;
				IPHONEOS_DEPLOYMENT_TARGET = 13.0;
				MTL_ENABLE_DEBUG_INFO = NO;
				MTL_FAST_MATH = YES;
				SDKROOT = iphoneos;
				SWIFT_COMPILATION_MODE = wholemodule;
				SWIFT_OPTIMIZATION_LEVEL = "-O";
				VALIDATE_PRODUCT = YES;
			};
			name = Release;
		};
		4ACDFDA2268493D1005D257E /* Debug */ = {
			isa = XCBuildConfiguration;
			buildSettings = {
				ASSETCATALOG_COMPILER_APPICON_NAME = AppIcon;
				ASSETCATALOG_COMPILER_GLOBAL_ACCENT_COLOR_NAME = AccentColor;
				CODE_SIGN_STYLE = Automatic;
				DEVELOPMENT_TEAM = R7476264FZ;
				INFOPLIST_FILE = LandmarkJSON/Info.plist;
				LD_RUNPATH_SEARCH_PATHS = (
					"$(inherited)",
					"@executable_path/Frameworks",
				);
				PRODUCT_BUNDLE_IDENTIFIER = com.ALR.LandmarkJSON;
				PRODUCT_NAME = "$(TARGET_NAME)";
				SWIFT_VERSION = 5.0;
				TARGETED_DEVICE_FAMILY = "1,2";
			};
			name = Debug;
		};
		4ACDFDA3268493D1005D257E /* Release */ = {
			isa = XCBuildConfiguration;
			buildSettings = {
				ASSETCATALOG_COMPILER_APPICON_NAME = AppIcon;
				ASSETCATALOG_COMPILER_GLOBAL_ACCENT_COLOR_NAME = AccentColor;
				CODE_SIGN_STYLE = Automatic;
				DEVELOPMENT_TEAM = R7476264FZ;
				INFOPLIST_FILE = LandmarkJSON/Info.plist;
				LD_RUNPATH_SEARCH_PATHS = (
					"$(inherited)",
					"@executable_path/Frameworks",
				);
				PRODUCT_BUNDLE_IDENTIFIER = com.ALR.LandmarkJSON;
				PRODUCT_NAME = "$(TARGET_NAME)";
				SWIFT_VERSION = 5.0;
				TARGETED_DEVICE_FAMILY = "1,2";
			};
			name = Release;
		};
/* End XCBuildConfiguration section */

/* Begin XCConfigurationList section */
		4ACDFD85268493CD005D257E /* Build configuration list for PBXProject "LandmarkJSON" */ = {
			isa = XCConfigurationList;
			buildConfigurations = (
				4ACDFD9F268493D1005D257E /* Debug */,
				4ACDFDA0268493D1005D257E /* Release */,
			);
			defaultConfigurationIsVisible = 0;
			defaultConfigurationName = Release;
		};
		4ACDFDA1268493D1005D257E /* Build configuration list for PBXNativeTarget "LandmarkJSON" */ = {
			isa = XCConfigurationList;
			buildConfigurations = (
				4ACDFDA2268493D1005D257E /* Debug */,
				4ACDFDA3268493D1005D257E /* Release */,
			);
			defaultConfigurationIsVisible = 0;
			defaultConfigurationName = Release;
		};
/* End XCConfigurationList section */
	};
	rootObject = 4ACDFD82268493CD005D257E /* Project object */;
}
